// !$*UTF8*$!
{
	archiveVersion = 1;
	classes = {
	};
	objectVersion = 51;
	objects = {

/* Begin PBXBuildFile section */
		09991E3A65961F22182E049B /* Pods_Studio1BTests.framework in Frameworks */ = {isa = PBXBuildFile; fileRef = AC07DCA226B960137A27B675 /* Pods_Studio1BTests.framework */; };
		370F2622247285EE00D74992 /* EditStaff.swift in Sources */ = {isa = PBXBuildFile; fileRef = 37A703EE24728544003D3358 /* EditStaff.swift */; };
		3751F1AF2456A31F0021B95C /* DiscountCell.swift in Sources */ = {isa = PBXBuildFile; fileRef = 3751F1AD2456A31F0021B95C /* DiscountCell.swift */; };
		3751F1B02456A31F0021B95C /* DiscountTableViewController.swift in Sources */ = {isa = PBXBuildFile; fileRef = 3751F1AE2456A31F0021B95C /* DiscountTableViewController.swift */; };
		3751F1B22456A3470021B95C /* CreateNewStaffRecord.swift in Sources */ = {isa = PBXBuildFile; fileRef = 3751F1B12456A3470021B95C /* CreateNewStaffRecord.swift */; };
		3759D903247A42920033DA31 /* Main.storyboard in Resources */ = {isa = PBXBuildFile; fileRef = 3759D901247A42910033DA31 /* Main.storyboard */; };
		37755A202473CA8000D40A1F /* OrderDetailCell.swift in Sources */ = {isa = PBXBuildFile; fileRef = 37755A1F2473CA8000D40A1F /* OrderDetailCell.swift */; };
		3779CD65246A8E6100D69626 /* CreateNewMenuItem.swift in Sources */ = {isa = PBXBuildFile; fileRef = 3779CD64246A8E6100D69626 /* CreateNewMenuItem.swift */; };
		377DF2592456E8590076696E /* StaffLogin.swift in Sources */ = {isa = PBXBuildFile; fileRef = 377DF2582456E8580076696E /* StaffLogin.swift */; };
		3789C1E5246933DB00E5FB8A /* EditDiscount.swift in Sources */ = {isa = PBXBuildFile; fileRef = 3789C1E3246933DB00E5FB8A /* EditDiscount.swift */; };
		3789C1E7246934D400E5FB8A /* StaffRecordTable.swift in Sources */ = {isa = PBXBuildFile; fileRef = 3789C1E6246934D400E5FB8A /* StaffRecordTable.swift */; };
		3789C1E9246934E000E5FB8A /* StaffCell.swift in Sources */ = {isa = PBXBuildFile; fileRef = 3789C1E8246934E000E5FB8A /* StaffCell.swift */; };
		37A703E5247282CF003D3358 /* EditMenuItem.swift in Sources */ = {isa = PBXBuildFile; fileRef = 37A703E3247282CE003D3358 /* EditMenuItem.swift */; };
		37B576DD24482D9F001AA546 /* StaffMenu.swift in Sources */ = {isa = PBXBuildFile; fileRef = 37B576DC24482D9F001AA546 /* StaffMenu.swift */; };
		37B576E124482E8D001AA546 /* GoogleService-Info.plist in Resources */ = {isa = PBXBuildFile; fileRef = 37B576E024482E8D001AA546 /* GoogleService-Info.plist */; };
		37B576E324483456001AA546 /* CreateNewDiscount.swift in Sources */ = {isa = PBXBuildFile; fileRef = 37B576E224483456001AA546 /* CreateNewDiscount.swift */; };
		37BEDD8A246414900020B38B /* FoodMenu.swift in Sources */ = {isa = PBXBuildFile; fileRef = 37BEDD89246414900020B38B /* FoodMenu.swift */; };
		37BEDD8C2464157F0020B38B /* CustomerMenu.swift in Sources */ = {isa = PBXBuildFile; fileRef = 37BEDD8B2464157F0020B38B /* CustomerMenu.swift */; };
		37BEDD8E2464182B0020B38B /* FoodCell.swift in Sources */ = {isa = PBXBuildFile; fileRef = 37BEDD8D2464182B0020B38B /* FoodCell.swift */; };
		37D8147E2469271300141F6C /* StaffMenuManagement.swift in Sources */ = {isa = PBXBuildFile; fileRef = 37D8147D2469271300141F6C /* StaffMenuManagement.swift */; };
		384520AB2477D3C1001A494C /* ViewInvoice.swift in Sources */ = {isa = PBXBuildFile; fileRef = 384520AA2477D3C1001A494C /* ViewInvoice.swift */; };
		384520AD2477D7BB001A494C /* SpecificInvoiceTableCell.swift in Sources */ = {isa = PBXBuildFile; fileRef = 384520AC2477D7BB001A494C /* SpecificInvoiceTableCell.swift */; };
		387F7AEF24768A12006AC063 /* InvoicingTable.swift in Sources */ = {isa = PBXBuildFile; fileRef = 387F7AEE24768A12006AC063 /* InvoicingTable.swift */; };
		387F7AF1247695EC006AC063 /* InvoiceTableCell.swift in Sources */ = {isa = PBXBuildFile; fileRef = 387F7AF0247695EC006AC063 /* InvoiceTableCell.swift */; };
		38B4005C24728BD500F612AE /* OrderList.swift in Sources */ = {isa = PBXBuildFile; fileRef = 38B4005B24728BD500F612AE /* OrderList.swift */; };
		38B4005E24728C8700F612AE /* ViewOrder.swift in Sources */ = {isa = PBXBuildFile; fileRef = 38B4005D24728C8700F612AE /* ViewOrder.swift */; };
		38B4006024728D8E00F612AE /* OrderListCell.swift in Sources */ = {isa = PBXBuildFile; fileRef = 38B4005F24728D8E00F612AE /* OrderListCell.swift */; };
		DA6A8349305F5938B94385D4 /* Pods_Studio1B.framework in Frameworks */ = {isa = PBXBuildFile; fileRef = FA6D1894B5CFE421FDD1895D /* Pods_Studio1B.framework */; };
		E63ECCDB24569279008F1AD1 /* CreateNewBooking.swift in Sources */ = {isa = PBXBuildFile; fileRef = E63ECCDA24569279008F1AD1 /* CreateNewBooking.swift */; };
		E63ECCDF2457C67F008F1AD1 /* BookingController.swift in Sources */ = {isa = PBXBuildFile; fileRef = E63ECCDE2457C67F008F1AD1 /* BookingController.swift */; };
		E63ECCE92460FBE9008F1AD1 /* viewTableController.swift in Sources */ = {isa = PBXBuildFile; fileRef = E63ECCE82460FBE9008F1AD1 /* viewTableController.swift */; };
		E63ECCEF2463A101008F1AD1 /* manageBookingsController.swift in Sources */ = {isa = PBXBuildFile; fileRef = E63ECCEE2463A100008F1AD1 /* manageBookingsController.swift */; };
		E63ECCF32463A249008F1AD1 /* bookingCell.swift in Sources */ = {isa = PBXBuildFile; fileRef = E63ECCF22463A249008F1AD1 /* bookingCell.swift */; };
		E63ECCF82463A4AE008F1AD1 /* Bookings.swift in Sources */ = {isa = PBXBuildFile; fileRef = E63ECCF72463A4AE008F1AD1 /* Bookings.swift */; };
		E6B6301E246CEBF100E62D1B /* Main.storyboard in Resources */ = {isa = PBXBuildFile; fileRef = E6B6301C246CEBF100E62D1B /* Main.storyboard */; };
		E6B63022247663DE00E62D1B /* specificBookingCell.swift in Sources */ = {isa = PBXBuildFile; fileRef = E6B63021247663DE00E62D1B /* specificBookingCell.swift */; };
		E6B63024247766C100E62D1B /* specificBookingController.swift in Sources */ = {isa = PBXBuildFile; fileRef = E6B63023247766C100E62D1B /* specificBookingController.swift */; };
		F03C782024700E8600EA8DE8 /* MealOrderingTableViewCell.swift in Sources */ = {isa = PBXBuildFile; fileRef = F03C781F24700E8600EA8DE8 /* MealOrderingTableViewCell.swift */; };
		F03C782224701C5800EA8DE8 /* OrderConfirmation.swift in Sources */ = {isa = PBXBuildFile; fileRef = F03C782124701C5800EA8DE8 /* OrderConfirmation.swift */; };
		F03FFC2F241F440200C9F5D3 /* AppDelegate.swift in Sources */ = {isa = PBXBuildFile; fileRef = F03FFC2E241F440200C9F5D3 /* AppDelegate.swift */; };
		F03FFC31241F440200C9F5D3 /* SceneDelegate.swift in Sources */ = {isa = PBXBuildFile; fileRef = F03FFC30241F440200C9F5D3 /* SceneDelegate.swift */; };
		F03FFC33241F440200C9F5D3 /* ViewController.swift in Sources */ = {isa = PBXBuildFile; fileRef = F03FFC32241F440200C9F5D3 /* ViewController.swift */; };
		F03FFC38241F440400C9F5D3 /* Assets.xcassets in Resources */ = {isa = PBXBuildFile; fileRef = F03FFC37241F440400C9F5D3 /* Assets.xcassets */; };
		F03FFC3B241F440400C9F5D3 /* LaunchScreen.storyboard in Resources */ = {isa = PBXBuildFile; fileRef = F03FFC39241F440400C9F5D3 /* LaunchScreen.storyboard */; };
		F05EC61C245023D5005E2714 /* CreatView.swift in Sources */ = {isa = PBXBuildFile; fileRef = F05EC61B245023D5005E2714 /* CreatView.swift */; };
		F05EC61E24502417005E2714 /* LoginRegisterView.swift in Sources */ = {isa = PBXBuildFile; fileRef = F05EC61D24502417005E2714 /* LoginRegisterView.swift */; };
		F07B5ACB246E4532003A9AB0 /* MealOrderingOne.swift in Sources */ = {isa = PBXBuildFile; fileRef = F07B5ACA246E4532003A9AB0 /* MealOrderingOne.swift */; };
		F07B5ACD246E548B003A9AB0 /* MealOrderingtwo.swift in Sources */ = {isa = PBXBuildFile; fileRef = F07B5ACC246E548B003A9AB0 /* MealOrderingtwo.swift */; };
		F098949124640B06006E332F /* ForgotPasswordPage.swift in Sources */ = {isa = PBXBuildFile; fileRef = F098949024640B06006E332F /* ForgotPasswordPage.swift */; };
		F0BF213A244457ED000A7A27 /* CustomersLogingIn.swift in Sources */ = {isa = PBXBuildFile; fileRef = F0BF2139244457ED000A7A27 /* CustomersLogingIn.swift */; };
		F0E1F80F248390B1000C75C1 /* EditAccount.swift in Sources */ = {isa = PBXBuildFile; fileRef = F0E1F80E248390B1000C75C1 /* EditAccount.swift */; };
/* End PBXBuildFile section */

/* Begin PBXContainerItemProxy section */
		F0E67712245FEA77000BCD87 /* PBXContainerItemProxy */ = {
			isa = PBXContainerItemProxy;
			containerPortal = F03FFC23241F440200C9F5D3 /* Project object */;
			proxyType = 1;
			remoteGlobalIDString = F03FFC2A241F440200C9F5D3;
			remoteInfo = Studio1B;
		};
/* End PBXContainerItemProxy section */

/* Begin PBXFileReference section */
		2725268509DAB7E3D7476180 /* Pods-Studio1B.debug.xcconfig */ = {isa = PBXFileReference; includeInIndex = 1; lastKnownFileType = text.xcconfig; name = "Pods-Studio1B.debug.xcconfig"; path = "Target Support Files/Pods-Studio1B/Pods-Studio1B.debug.xcconfig"; sourceTree = "<group>"; };
		304093F5B85F4B0D9C8FB935 /* Pods-Studio1BTests.release.xcconfig */ = {isa = PBXFileReference; includeInIndex = 1; lastKnownFileType = text.xcconfig; name = "Pods-Studio1BTests.release.xcconfig"; path = "Target Support Files/Pods-Studio1BTests/Pods-Studio1BTests.release.xcconfig"; sourceTree = "<group>"; };
		370F26202472859700D74992 /* EditStaff.swift */ = {isa = PBXFileReference; lastKnownFileType = sourcecode.swift; path = EditStaff.swift; sourceTree = "<group>"; };
		3751F1AD2456A31F0021B95C /* DiscountCell.swift */ = {isa = PBXFileReference; fileEncoding = 4; lastKnownFileType = sourcecode.swift; path = DiscountCell.swift; sourceTree = "<group>"; };
		3751F1AE2456A31F0021B95C /* DiscountTableViewController.swift */ = {isa = PBXFileReference; fileEncoding = 4; lastKnownFileType = sourcecode.swift; path = DiscountTableViewController.swift; sourceTree = "<group>"; };
		3751F1B12456A3470021B95C /* CreateNewStaffRecord.swift */ = {isa = PBXFileReference; fileEncoding = 4; lastKnownFileType = sourcecode.swift; path = CreateNewStaffRecord.swift; sourceTree = "<group>"; };
		3759D902247A42910033DA31 /* Base */ = {isa = PBXFileReference; lastKnownFileType = file.storyboard; name = Base; path = Base.lproj/Main.storyboard; sourceTree = "<group>"; };
		37755A1F2473CA8000D40A1F /* OrderDetailCell.swift */ = {isa = PBXFileReference; lastKnownFileType = sourcecode.swift; path = OrderDetailCell.swift; sourceTree = "<group>"; };
		3779CD64246A8E6100D69626 /* CreateNewMenuItem.swift */ = {isa = PBXFileReference; lastKnownFileType = sourcecode.swift; path = CreateNewMenuItem.swift; sourceTree = "<group>"; };
		377DF2582456E8580076696E /* StaffLogin.swift */ = {isa = PBXFileReference; lastKnownFileType = sourcecode.swift; path = StaffLogin.swift; sourceTree = "<group>"; };
		3789C1E3246933DB00E5FB8A /* EditDiscount.swift */ = {isa = PBXFileReference; fileEncoding = 4; lastKnownFileType = sourcecode.swift; path = EditDiscount.swift; sourceTree = "<group>"; };
		3789C1E6246934D400E5FB8A /* StaffRecordTable.swift */ = {isa = PBXFileReference; fileEncoding = 4; lastKnownFileType = sourcecode.swift; path = StaffRecordTable.swift; sourceTree = "<group>"; };
		3789C1E8246934E000E5FB8A /* StaffCell.swift */ = {isa = PBXFileReference; fileEncoding = 4; lastKnownFileType = sourcecode.swift; path = StaffCell.swift; sourceTree = "<group>"; };
		37A703E3247282CE003D3358 /* EditMenuItem.swift */ = {isa = PBXFileReference; fileEncoding = 4; lastKnownFileType = sourcecode.swift; path = EditMenuItem.swift; sourceTree = "<group>"; };
		37A703EE24728544003D3358 /* EditStaff.swift */ = {isa = PBXFileReference; fileEncoding = 4; lastKnownFileType = sourcecode.swift; path = EditStaff.swift; sourceTree = "<group>"; };
		37B576DC24482D9F001AA546 /* StaffMenu.swift */ = {isa = PBXFileReference; lastKnownFileType = sourcecode.swift; path = StaffMenu.swift; sourceTree = "<group>"; };
		37B576E024482E8D001AA546 /* GoogleService-Info.plist */ = {isa = PBXFileReference; fileEncoding = 4; lastKnownFileType = text.plist.xml; path = "GoogleService-Info.plist"; sourceTree = "<group>"; };
		37B576E224483456001AA546 /* CreateNewDiscount.swift */ = {isa = PBXFileReference; lastKnownFileType = sourcecode.swift; path = CreateNewDiscount.swift; sourceTree = "<group>"; };
		37BEDD89246414900020B38B /* FoodMenu.swift */ = {isa = PBXFileReference; lastKnownFileType = sourcecode.swift; path = FoodMenu.swift; sourceTree = "<group>"; };
		37BEDD8B2464157F0020B38B /* CustomerMenu.swift */ = {isa = PBXFileReference; lastKnownFileType = sourcecode.swift; path = CustomerMenu.swift; sourceTree = "<group>"; };
		37BEDD8D2464182B0020B38B /* FoodCell.swift */ = {isa = PBXFileReference; lastKnownFileType = sourcecode.swift; path = FoodCell.swift; sourceTree = "<group>"; };
		37D8147D2469271300141F6C /* StaffMenuManagement.swift */ = {isa = PBXFileReference; lastKnownFileType = sourcecode.swift; path = StaffMenuManagement.swift; sourceTree = "<group>"; };
		384520AA2477D3C1001A494C /* ViewInvoice.swift */ = {isa = PBXFileReference; lastKnownFileType = sourcecode.swift; path = ViewInvoice.swift; sourceTree = "<group>"; };
		384520AC2477D7BB001A494C /* SpecificInvoiceTableCell.swift */ = {isa = PBXFileReference; lastKnownFileType = sourcecode.swift; path = SpecificInvoiceTableCell.swift; sourceTree = "<group>"; };
		387F7AEE24768A12006AC063 /* InvoicingTable.swift */ = {isa = PBXFileReference; lastKnownFileType = sourcecode.swift; path = InvoicingTable.swift; sourceTree = "<group>"; };
		387F7AF0247695EC006AC063 /* InvoiceTableCell.swift */ = {isa = PBXFileReference; lastKnownFileType = sourcecode.swift; path = InvoiceTableCell.swift; sourceTree = "<group>"; };
		38B4005B24728BD500F612AE /* OrderList.swift */ = {isa = PBXFileReference; lastKnownFileType = sourcecode.swift; path = OrderList.swift; sourceTree = "<group>"; };
		38B4005D24728C8700F612AE /* ViewOrder.swift */ = {isa = PBXFileReference; lastKnownFileType = sourcecode.swift; path = ViewOrder.swift; sourceTree = "<group>"; };
		38B4005F24728D8E00F612AE /* OrderListCell.swift */ = {isa = PBXFileReference; lastKnownFileType = sourcecode.swift; path = OrderListCell.swift; sourceTree = "<group>"; };
		397CF55C7D56C0CF136F7449 /* Pods-Studio1B.release.xcconfig */ = {isa = PBXFileReference; includeInIndex = 1; lastKnownFileType = text.xcconfig; name = "Pods-Studio1B.release.xcconfig"; path = "Target Support Files/Pods-Studio1B/Pods-Studio1B.release.xcconfig"; sourceTree = "<group>"; };
		72CC2A3D7199B5CC73D1E19D /* Pods-Studio1B-Studio1BTests.release.xcconfig */ = {isa = PBXFileReference; includeInIndex = 1; lastKnownFileType = text.xcconfig; name = "Pods-Studio1B-Studio1BTests.release.xcconfig"; path = "Target Support Files/Pods-Studio1B-Studio1BTests/Pods-Studio1B-Studio1BTests.release.xcconfig"; sourceTree = "<group>"; };
		9EA5B610D6EEEED4BBAA08CF /* Pods-Studio1BTests.debug.xcconfig */ = {isa = PBXFileReference; includeInIndex = 1; lastKnownFileType = text.xcconfig; name = "Pods-Studio1BTests.debug.xcconfig"; path = "Target Support Files/Pods-Studio1BTests/Pods-Studio1BTests.debug.xcconfig"; sourceTree = "<group>"; };
		AC07DCA226B960137A27B675 /* Pods_Studio1BTests.framework */ = {isa = PBXFileReference; explicitFileType = wrapper.framework; includeInIndex = 0; path = Pods_Studio1BTests.framework; sourceTree = BUILT_PRODUCTS_DIR; };
		D9109E08F764B22BEE869D4C /* Pods-Studio1B-Studio1BTests.debug.xcconfig */ = {isa = PBXFileReference; includeInIndex = 1; lastKnownFileType = text.xcconfig; name = "Pods-Studio1B-Studio1BTests.debug.xcconfig"; path = "Target Support Files/Pods-Studio1B-Studio1BTests/Pods-Studio1B-Studio1BTests.debug.xcconfig"; sourceTree = "<group>"; };
		E63ECCDA24569279008F1AD1 /* CreateNewBooking.swift */ = {isa = PBXFileReference; lastKnownFileType = sourcecode.swift; path = CreateNewBooking.swift; sourceTree = "<group>"; };
		E63ECCDE2457C67F008F1AD1 /* BookingController.swift */ = {isa = PBXFileReference; lastKnownFileType = sourcecode.swift; path = BookingController.swift; sourceTree = "<group>"; };
		E63ECCE82460FBE9008F1AD1 /* viewTableController.swift */ = {isa = PBXFileReference; lastKnownFileType = sourcecode.swift; path = viewTableController.swift; sourceTree = "<group>"; };
		E63ECCEE2463A100008F1AD1 /* manageBookingsController.swift */ = {isa = PBXFileReference; lastKnownFileType = sourcecode.swift; path = manageBookingsController.swift; sourceTree = "<group>"; };
		E63ECCF22463A249008F1AD1 /* bookingCell.swift */ = {isa = PBXFileReference; lastKnownFileType = sourcecode.swift; path = bookingCell.swift; sourceTree = "<group>"; };
		E63ECCF72463A4AE008F1AD1 /* Bookings.swift */ = {isa = PBXFileReference; lastKnownFileType = sourcecode.swift; path = Bookings.swift; sourceTree = "<group>"; };
		E6B63021247663DE00E62D1B /* specificBookingCell.swift */ = {isa = PBXFileReference; lastKnownFileType = sourcecode.swift; path = specificBookingCell.swift; sourceTree = "<group>"; };
		E6B63023247766C100E62D1B /* specificBookingController.swift */ = {isa = PBXFileReference; lastKnownFileType = sourcecode.swift; path = specificBookingController.swift; sourceTree = "<group>"; };
		F03C781F24700E8600EA8DE8 /* MealOrderingTableViewCell.swift */ = {isa = PBXFileReference; lastKnownFileType = sourcecode.swift; path = MealOrderingTableViewCell.swift; sourceTree = "<group>"; };
		F03C782124701C5800EA8DE8 /* OrderConfirmation.swift */ = {isa = PBXFileReference; lastKnownFileType = sourcecode.swift; path = OrderConfirmation.swift; sourceTree = "<group>"; };
		F03FFC2B241F440200C9F5D3 /* Studio1B.app */ = {isa = PBXFileReference; explicitFileType = wrapper.application; includeInIndex = 0; path = Studio1B.app; sourceTree = BUILT_PRODUCTS_DIR; };
		F03FFC2E241F440200C9F5D3 /* AppDelegate.swift */ = {isa = PBXFileReference; lastKnownFileType = sourcecode.swift; path = AppDelegate.swift; sourceTree = "<group>"; };
		F03FFC30241F440200C9F5D3 /* SceneDelegate.swift */ = {isa = PBXFileReference; lastKnownFileType = sourcecode.swift; path = SceneDelegate.swift; sourceTree = "<group>"; };
		F03FFC32241F440200C9F5D3 /* ViewController.swift */ = {isa = PBXFileReference; lastKnownFileType = sourcecode.swift; path = ViewController.swift; sourceTree = "<group>"; };
		F03FFC37241F440400C9F5D3 /* Assets.xcassets */ = {isa = PBXFileReference; lastKnownFileType = folder.assetcatalog; path = Assets.xcassets; sourceTree = "<group>"; };
		F03FFC3A241F440400C9F5D3 /* Base */ = {isa = PBXFileReference; lastKnownFileType = file.storyboard; name = Base; path = Base.lproj/LaunchScreen.storyboard; sourceTree = "<group>"; };
		F03FFC3C241F440400C9F5D3 /* Info.plist */ = {isa = PBXFileReference; lastKnownFileType = text.plist.xml; path = Info.plist; sourceTree = "<group>"; };
		F05EC61B245023D5005E2714 /* CreatView.swift */ = {isa = PBXFileReference; lastKnownFileType = sourcecode.swift; path = CreatView.swift; sourceTree = "<group>"; };
		F05EC61D24502417005E2714 /* LoginRegisterView.swift */ = {isa = PBXFileReference; lastKnownFileType = sourcecode.swift; path = LoginRegisterView.swift; sourceTree = "<group>"; };
		F07B5ACA246E4532003A9AB0 /* MealOrderingOne.swift */ = {isa = PBXFileReference; lastKnownFileType = sourcecode.swift; path = MealOrderingOne.swift; sourceTree = "<group>"; };
		F07B5ACC246E548B003A9AB0 /* MealOrderingtwo.swift */ = {isa = PBXFileReference; lastKnownFileType = sourcecode.swift; path = MealOrderingtwo.swift; sourceTree = "<group>"; };
		F098949024640B06006E332F /* ForgotPasswordPage.swift */ = {isa = PBXFileReference; lastKnownFileType = sourcecode.swift; path = ForgotPasswordPage.swift; sourceTree = "<group>"; };
		F0BF2139244457ED000A7A27 /* CustomersLogingIn.swift */ = {isa = PBXFileReference; lastKnownFileType = sourcecode.swift; path = CustomersLogingIn.swift; sourceTree = "<group>"; };
		F0E1F80E248390B1000C75C1 /* EditAccount.swift */ = {isa = PBXFileReference; lastKnownFileType = sourcecode.swift; path = EditAccount.swift; sourceTree = "<group>"; };
		F0E6770D245FEA77000BCD87 /* Studio1BTests.xctest */ = {isa = PBXFileReference; explicitFileType = wrapper.cfbundle; includeInIndex = 0; path = Studio1BTests.xctest; sourceTree = BUILT_PRODUCTS_DIR; };
		FA6D1894B5CFE421FDD1895D /* Pods_Studio1B.framework */ = {isa = PBXFileReference; explicitFileType = wrapper.framework; includeInIndex = 0; path = Pods_Studio1B.framework; sourceTree = BUILT_PRODUCTS_DIR; };
/* End PBXFileReference section */

/* Begin PBXFrameworksBuildPhase section */
		F03FFC28241F440200C9F5D3 /* Frameworks */ = {
			isa = PBXFrameworksBuildPhase;
			buildActionMask = 2147483647;
			files = (
				DA6A8349305F5938B94385D4 /* Pods_Studio1B.framework in Frameworks */,
			);
			runOnlyForDeploymentPostprocessing = 0;
		};
		F0E6770A245FEA77000BCD87 /* Frameworks */ = {
			isa = PBXFrameworksBuildPhase;
			buildActionMask = 2147483647;
			files = (
				09991E3A65961F22182E049B /* Pods_Studio1BTests.framework in Frameworks */,
			);
			runOnlyForDeploymentPostprocessing = 0;
		};
/* End PBXFrameworksBuildPhase section */

/* Begin PBXGroup section */
		6C32735BE4A6C3BA50F717AE /* Pods */ = {
			isa = PBXGroup;
			children = (
				2725268509DAB7E3D7476180 /* Pods-Studio1B.debug.xcconfig */,
				397CF55C7D56C0CF136F7449 /* Pods-Studio1B.release.xcconfig */,
				D9109E08F764B22BEE869D4C /* Pods-Studio1B-Studio1BTests.debug.xcconfig */,
				72CC2A3D7199B5CC73D1E19D /* Pods-Studio1B-Studio1BTests.release.xcconfig */,
				9EA5B610D6EEEED4BBAA08CF /* Pods-Studio1BTests.debug.xcconfig */,
				304093F5B85F4B0D9C8FB935 /* Pods-Studio1BTests.release.xcconfig */,
			);
			path = Pods;
			sourceTree = "<group>";
		};
		8CF16A9258E463AD5156E406 /* Frameworks */ = {
			isa = PBXGroup;
			children = (
				FA6D1894B5CFE421FDD1895D /* Pods_Studio1B.framework */,
				AC07DCA226B960137A27B675 /* Pods_Studio1BTests.framework */,
			);
			name = Frameworks;
			sourceTree = "<group>";
		};
		E6B6301B246CEBC000E62D1B /* Recovered References */ = {
			isa = PBXGroup;
			children = (
				E63ECCF42463A354008F1AD1 /* Main.storyboard */,
				E6B6301C246CEBF100E62D1B /* Main.storyboard */,
			);
			name = "Recovered References";
			sourceTree = "<group>";
		};
		F03FFC22241F440200C9F5D3 = {
			isa = PBXGroup;
			children = (
				F03FFC2D241F440200C9F5D3 /* Studio1B */,
				F03FFC2C241F440200C9F5D3 /* Products */,
				6C32735BE4A6C3BA50F717AE /* Pods */,
				8CF16A9258E463AD5156E406 /* Frameworks */,
				E6B6301B246CEBC000E62D1B /* Recovered References */,
			);
			sourceTree = "<group>";
		};
		F03FFC2C241F440200C9F5D3 /* Products */ = {
			isa = PBXGroup;
			children = (
				F03FFC2B241F440200C9F5D3 /* Studio1B.app */,
				F0E6770D245FEA77000BCD87 /* Studio1BTests.xctest */,
			);
			name = Products;
			sourceTree = "<group>";
		};
		F03FFC2D241F440200C9F5D3 /* Studio1B */ = {
			isa = PBXGroup;
			children = (
				F03FFC2E241F440200C9F5D3 /* AppDelegate.swift */,
				E63ECCEE2463A100008F1AD1 /* manageBookingsController.swift */,
				E63ECCF22463A249008F1AD1 /* bookingCell.swift */,
				E63ECCF72463A4AE008F1AD1 /* Bookings.swift */,
				E6B63021247663DE00E62D1B /* specificBookingCell.swift */,
				E6B63023247766C100E62D1B /* specificBookingController.swift */,
				E63ECCDA24569279008F1AD1 /* CreateNewBooking.swift */,
				E63ECCDE2457C67F008F1AD1 /* BookingController.swift */,
				E63ECCE82460FBE9008F1AD1 /* viewTableController.swift */,
				F03FFC37241F440400C9F5D3 /* Assets.xcassets */,
				37B576E224483456001AA546 /* CreateNewDiscount.swift */,
				3779CD64246A8E6100D69626 /* CreateNewMenuItem.swift */,
				3751F1B12456A3470021B95C /* CreateNewStaffRecord.swift */,
				F05EC61B245023D5005E2714 /* CreatView.swift */,
				37BEDD8B2464157F0020B38B /* CustomerMenu.swift */,
				F0BF2139244457ED000A7A27 /* CustomersLogingIn.swift */,
				3751F1AD2456A31F0021B95C /* DiscountCell.swift */,
				3751F1AE2456A31F0021B95C /* DiscountTableViewController.swift */,
				3789C1E3246933DB00E5FB8A /* EditDiscount.swift */,
				37A703E3247282CE003D3358 /* EditMenuItem.swift */,
				37A703EE24728544003D3358 /* EditStaff.swift */,
				370F26202472859700D74992 /* EditStaff.swift */,
				37BEDD8D2464182B0020B38B /* FoodCell.swift */,
				37BEDD89246414900020B38B /* FoodMenu.swift */,
				F098949024640B06006E332F /* ForgotPasswordPage.swift */,
				37B576E024482E8D001AA546 /* GoogleService-Info.plist */,
				F03FFC3C241F440400C9F5D3 /* Info.plist */,
				384520AC2477D7BB001A494C /* SpecificInvoiceTableCell.swift */,
				3759D901247A42910033DA31 /* Main.storyboard */,
				F0E1F80E248390B1000C75C1 /* EditAccount.swift */,
				F03FFC39241F440400C9F5D3 /* LaunchScreen.storyboard */,
				F05EC61D24502417005E2714 /* LoginRegisterView.swift */,
				384520AA2477D3C1001A494C /* ViewInvoice.swift */,
				F07B5ACA246E4532003A9AB0 /* MealOrderingOne.swift */,
				F03C781F24700E8600EA8DE8 /* MealOrderingTableViewCell.swift */,
				F07B5ACC246E548B003A9AB0 /* MealOrderingtwo.swift */,
				F03C782124701C5800EA8DE8 /* OrderConfirmation.swift */,
				38B4005B24728BD500F612AE /* OrderList.swift */,
				38B4005F24728D8E00F612AE /* OrderListCell.swift */,
				F03FFC30241F440200C9F5D3 /* SceneDelegate.swift */,
				3789C1E8246934E000E5FB8A /* StaffCell.swift */,
				377DF2582456E8580076696E /* StaffLogin.swift */,
				37B576DC24482D9F001AA546 /* StaffMenu.swift */,
				37D8147D2469271300141F6C /* StaffMenuManagement.swift */,
				3789C1E6246934D400E5FB8A /* StaffRecordTable.swift */,
				F03FFC32241F440200C9F5D3 /* ViewController.swift */,
				38B4005D24728C8700F612AE /* ViewOrder.swift */,
				37755A1F2473CA8000D40A1F /* OrderDetailCell.swift */,
				387F7AEE24768A12006AC063 /* InvoicingTable.swift */,
				387F7AF0247695EC006AC063 /* InvoiceTableCell.swift */,
			);
			path = Studio1B;
			sourceTree = "<group>";
		};
/* End PBXGroup section */

/* Begin PBXNativeTarget section */
		F03FFC2A241F440200C9F5D3 /* Studio1B */ = {
			isa = PBXNativeTarget;
			buildConfigurationList = F03FFC3F241F440400C9F5D3 /* Build configuration list for PBXNativeTarget "Studio1B" */;
			buildPhases = (
				0FC8DA57E1A06682E9C3EFB7 /* [CP] Check Pods Manifest.lock */,
				F03FFC27241F440200C9F5D3 /* Sources */,
				F03FFC28241F440200C9F5D3 /* Frameworks */,
				F03FFC29241F440200C9F5D3 /* Resources */,
				9FD08067C5FA4AB44A00C98C /* [CP] Embed Pods Frameworks */,
			);
			buildRules = (
			);
			dependencies = (
			);
			name = Studio1B;
			productName = Studio1B;
			productReference = F03FFC2B241F440200C9F5D3 /* Studio1B.app */;
			productType = "com.apple.product-type.application";
		};
		F0E6770C245FEA77000BCD87 /* Studio1BTests */ = {
			isa = PBXNativeTarget;
			buildConfigurationList = F0E67716245FEA77000BCD87 /* Build configuration list for PBXNativeTarget "Studio1BTests" */;
			buildPhases = (
				656513848D345E84221ABB49 /* [CP] Check Pods Manifest.lock */,
				F0E67709245FEA77000BCD87 /* Sources */,
				F0E6770A245FEA77000BCD87 /* Frameworks */,
				F0E6770B245FEA77000BCD87 /* Resources */,
				DE4362966258DA638529E1D3 /* [CP] Embed Pods Frameworks */,
			);
			buildRules = (
			);
			dependencies = (
				F0E67713245FEA77000BCD87 /* PBXTargetDependency */,
			);
			name = Studio1BTests;
			productName = Studio1BTests;
			productReference = F0E6770D245FEA77000BCD87 /* Studio1BTests.xctest */;
			productType = "com.apple.product-type.bundle.unit-test";
		};
/* End PBXNativeTarget section */

/* Begin PBXProject section */
		F03FFC23241F440200C9F5D3 /* Project object */ = {
			isa = PBXProject;
			attributes = {
				LastSwiftUpdateCheck = 1130;
				LastUpgradeCheck = 1130;
				ORGANIZATIONNAME = davidBolis;
				TargetAttributes = {
					F03FFC2A241F440200C9F5D3 = {
						CreatedOnToolsVersion = 11.3.1;
					};
					F0E6770C245FEA77000BCD87 = {
						CreatedOnToolsVersion = 11.3.1;
						TestTargetID = F03FFC2A241F440200C9F5D3;
					};
				};
			};
			buildConfigurationList = F03FFC26241F440200C9F5D3 /* Build configuration list for PBXProject "Studio1B" */;
			compatibilityVersion = "Xcode 9.3";
			developmentRegion = en;
			hasScannedForEncodings = 0;
			knownRegions = (
				en,
				Base,
			);
			mainGroup = F03FFC22241F440200C9F5D3;
			productRefGroup = F03FFC2C241F440200C9F5D3 /* Products */;
			projectDirPath = "";
			projectRoot = "";
			targets = (
				F03FFC2A241F440200C9F5D3 /* Studio1B */,
				F0E6770C245FEA77000BCD87 /* Studio1BTests */,
			);
		};
/* End PBXProject section */

/* Begin PBXResourcesBuildPhase section */
		F03FFC29241F440200C9F5D3 /* Resources */ = {
			isa = PBXResourcesBuildPhase;
			buildActionMask = 2147483647;
			files = (
				F03FFC3B241F440400C9F5D3 /* LaunchScreen.storyboard in Resources */,
				3759D903247A42920033DA31 /* Main.storyboard in Resources */,
				E6B6301E246CEBF100E62D1B /* Main.storyboard in Resources */,
				37B576E124482E8D001AA546 /* GoogleService-Info.plist in Resources */,
				F03FFC38241F440400C9F5D3 /* Assets.xcassets in Resources */,
			);
			runOnlyForDeploymentPostprocessing = 0;
		};
		F0E6770B245FEA77000BCD87 /* Resources */ = {
			isa = PBXResourcesBuildPhase;
			buildActionMask = 2147483647;
			files = (
			);
			runOnlyForDeploymentPostprocessing = 0;
		};
/* End PBXResourcesBuildPhase section */

/* Begin PBXShellScriptBuildPhase section */
		0FC8DA57E1A06682E9C3EFB7 /* [CP] Check Pods Manifest.lock */ = {
			isa = PBXShellScriptBuildPhase;
			buildActionMask = 2147483647;
			files = (
			);
			inputFileListPaths = (
			);
			inputPaths = (
				"${PODS_PODFILE_DIR_PATH}/Podfile.lock",
				"${PODS_ROOT}/Manifest.lock",
			);
			name = "[CP] Check Pods Manifest.lock";
			outputFileListPaths = (
			);
			outputPaths = (
				"$(DERIVED_FILE_DIR)/Pods-Studio1B-checkManifestLockResult.txt",
			);
			runOnlyForDeploymentPostprocessing = 0;
			shellPath = /bin/sh;
			shellScript = "diff \"${PODS_PODFILE_DIR_PATH}/Podfile.lock\" \"${PODS_ROOT}/Manifest.lock\" > /dev/null\nif [ $? != 0 ] ; then\n    # print error to STDERR\n    echo \"error: The sandbox is not in sync with the Podfile.lock. Run 'pod install' or update your CocoaPods installation.\" >&2\n    exit 1\nfi\n# This output is used by Xcode 'outputs' to avoid re-running this script phase.\necho \"SUCCESS\" > \"${SCRIPT_OUTPUT_FILE_0}\"\n";
			showEnvVarsInLog = 0;
		};
		656513848D345E84221ABB49 /* [CP] Check Pods Manifest.lock */ = {
			isa = PBXShellScriptBuildPhase;
			buildActionMask = 2147483647;
			files = (
			);
			inputFileListPaths = (
			);
			inputPaths = (
				"${PODS_PODFILE_DIR_PATH}/Podfile.lock",
				"${PODS_ROOT}/Manifest.lock",
			);
			name = "[CP] Check Pods Manifest.lock";
			outputFileListPaths = (
			);
			outputPaths = (
				"$(DERIVED_FILE_DIR)/Pods-Studio1BTests-checkManifestLockResult.txt",
			);
			runOnlyForDeploymentPostprocessing = 0;
			shellPath = /bin/sh;
			shellScript = "diff \"${PODS_PODFILE_DIR_PATH}/Podfile.lock\" \"${PODS_ROOT}/Manifest.lock\" > /dev/null\nif [ $? != 0 ] ; then\n    # print error to STDERR\n    echo \"error: The sandbox is not in sync with the Podfile.lock. Run 'pod install' or update your CocoaPods installation.\" >&2\n    exit 1\nfi\n# This output is used by Xcode 'outputs' to avoid re-running this script phase.\necho \"SUCCESS\" > \"${SCRIPT_OUTPUT_FILE_0}\"\n";
			showEnvVarsInLog = 0;
		};
		9FD08067C5FA4AB44A00C98C /* [CP] Embed Pods Frameworks */ = {
			isa = PBXShellScriptBuildPhase;
			buildActionMask = 2147483647;
			files = (
			);
			inputFileListPaths = (
				"${PODS_ROOT}/Target Support Files/Pods-Studio1B/Pods-Studio1B-frameworks-${CONFIGURATION}-input-files.xcfilelist",
			);
			name = "[CP] Embed Pods Frameworks";
			outputFileListPaths = (
				"${PODS_ROOT}/Target Support Files/Pods-Studio1B/Pods-Studio1B-frameworks-${CONFIGURATION}-output-files.xcfilelist",
			);
			runOnlyForDeploymentPostprocessing = 0;
			shellPath = /bin/sh;
			shellScript = "\"${PODS_ROOT}/Target Support Files/Pods-Studio1B/Pods-Studio1B-frameworks.sh\"\n";
			showEnvVarsInLog = 0;
		};
		DE4362966258DA638529E1D3 /* [CP] Embed Pods Frameworks */ = {
			isa = PBXShellScriptBuildPhase;
			buildActionMask = 2147483647;
			files = (
			);
			inputFileListPaths = (
				"${PODS_ROOT}/Target Support Files/Pods-Studio1BTests/Pods-Studio1BTests-frameworks-${CONFIGURATION}-input-files.xcfilelist",
			);
			name = "[CP] Embed Pods Frameworks";
			outputFileListPaths = (
				"${PODS_ROOT}/Target Support Files/Pods-Studio1BTests/Pods-Studio1BTests-frameworks-${CONFIGURATION}-output-files.xcfilelist",
			);
			runOnlyForDeploymentPostprocessing = 0;
			shellPath = /bin/sh;
			shellScript = "\"${PODS_ROOT}/Target Support Files/Pods-Studio1BTests/Pods-Studio1BTests-frameworks.sh\"\n";
			showEnvVarsInLog = 0;
		};
/* End PBXShellScriptBuildPhase section */

/* Begin PBXSourcesBuildPhase section */
		F03FFC27241F440200C9F5D3 /* Sources */ = {
			isa = PBXSourcesBuildPhase;
			buildActionMask = 2147483647;
			files = (
				370F2622247285EE00D74992 /* EditStaff.swift in Sources */,
				F03C782224701C5800EA8DE8 /* OrderConfirmation.swift in Sources */,
				F03FFC33241F440200C9F5D3 /* ViewController.swift in Sources */,
				E63ECCDB24569279008F1AD1 /* CreateNewBooking.swift in Sources */,
				E63ECCDF2457C67F008F1AD1 /* BookingController.swift in Sources */,
				E63ECCEF2463A101008F1AD1 /* manageBookingsController.swift in Sources */,
				E63ECCF32463A249008F1AD1 /* bookingCell.swift in Sources */,
				E63ECCF82463A4AE008F1AD1 /* Bookings.swift in Sources */,
				E63ECCE92460FBE9008F1AD1 /* viewTableController.swift in Sources */,
				37B576E324483456001AA546 /* CreateNewDiscount.swift in Sources */,
				3751F1B22456A3470021B95C /* CreateNewStaffRecord.swift in Sources */,
				377DF2592456E8590076696E /* StaffLogin.swift in Sources */,
				3779CD65246A8E6100D69626 /* CreateNewMenuItem.swift in Sources */,
				3751F1AF2456A31F0021B95C /* DiscountCell.swift in Sources */,
				38B4006024728D8E00F612AE /* OrderListCell.swift in Sources */,
				387F7AF1247695EC006AC063 /* InvoiceTableCell.swift in Sources */,
				384520AB2477D3C1001A494C /* ViewInvoice.swift in Sources */,
				37A703E5247282CF003D3358 /* EditMenuItem.swift in Sources */,
				E6B63022247663DE00E62D1B /* specificBookingCell.swift in Sources */,
				37B576DD24482D9F001AA546 /* StaffMenu.swift in Sources */,
				F03C782024700E8600EA8DE8 /* MealOrderingTableViewCell.swift in Sources */,
				F05EC61E24502417005E2714 /* LoginRegisterView.swift in Sources */,
				37BEDD8E2464182B0020B38B /* FoodCell.swift in Sources */,
				F0E1F80F248390B1000C75C1 /* EditAccount.swift in Sources */,
				F098949124640B06006E332F /* ForgotPasswordPage.swift in Sources */,
				F03FFC2F241F440200C9F5D3 /* AppDelegate.swift in Sources */,
				E6B63024247766C100E62D1B /* specificBookingController.swift in Sources */,
				F0BF213A244457ED000A7A27 /* CustomersLogingIn.swift in Sources */,
				3789C1E7246934D400E5FB8A /* StaffRecordTable.swift in Sources */,
				37D8147E2469271300141F6C /* StaffMenuManagement.swift in Sources */,
				F03FFC31241F440200C9F5D3 /* SceneDelegate.swift in Sources */,
				3789C1E9246934E000E5FB8A /* StaffCell.swift in Sources */,
				F05EC61C245023D5005E2714 /* CreatView.swift in Sources */,
				3789C1E5246933DB00E5FB8A /* EditDiscount.swift in Sources */,
				38B4005C24728BD500F612AE /* OrderList.swift in Sources */,
				38B4005E24728C8700F612AE /* ViewOrder.swift in Sources */,
				37755A202473CA8000D40A1F /* OrderDetailCell.swift in Sources */,
				3751F1B02456A31F0021B95C /* DiscountTableViewController.swift in Sources */,
				37BEDD8C2464157F0020B38B /* CustomerMenu.swift in Sources */,
				37BEDD8A246414900020B38B /* FoodMenu.swift in Sources */,
				387F7AEF24768A12006AC063 /* InvoicingTable.swift in Sources */,
				F07B5ACB246E4532003A9AB0 /* MealOrderingOne.swift in Sources */,
				384520AD2477D7BB001A494C /* SpecificInvoiceTableCell.swift in Sources */,
				F07B5ACD246E548B003A9AB0 /* MealOrderingtwo.swift in Sources */,
			);
			runOnlyForDeploymentPostprocessing = 0;
		};
		F0E67709245FEA77000BCD87 /* Sources */ = {
			isa = PBXSourcesBuildPhase;
			buildActionMask = 2147483647;
			files = (
			);
			runOnlyForDeploymentPostprocessing = 0;
		};
/* End PBXSourcesBuildPhase section */

/* Begin PBXTargetDependency section */
		F0E67713245FEA77000BCD87 /* PBXTargetDependency */ = {
			isa = PBXTargetDependency;
			target = F03FFC2A241F440200C9F5D3 /* Studio1B */;
			targetProxy = F0E67712245FEA77000BCD87 /* PBXContainerItemProxy */;
		};
/* End PBXTargetDependency section */

/* Begin PBXVariantGroup section */
		3759D901247A42910033DA31 /* Main.storyboard */ = {
			isa = PBXVariantGroup;
			children = (
				3759D902247A42910033DA31 /* Base */,
			);
			name = Main.storyboard;
			sourceTree = "<group>";
		};
		E63ECCF42463A354008F1AD1 /* Main.storyboard */ = {
			isa = PBXVariantGroup;
			children = (
			);
			name = Main.storyboard;
			sourceTree = "<group>";
		};
		E6B6301C246CEBF100E62D1B /* Main.storyboard */ = {
			isa = PBXVariantGroup;
			children = (
			);
			name = Main.storyboard;
			sourceTree = "<group>";
		};
		F03FFC39241F440400C9F5D3 /* LaunchScreen.storyboard */ = {
			isa = PBXVariantGroup;
			children = (
				F03FFC3A241F440400C9F5D3 /* Base */,
			);
			name = LaunchScreen.storyboard;
			sourceTree = "<group>";
		};
/* End PBXVariantGroup section */

/* Begin XCBuildConfiguration section */
		F03FFC3D241F440400C9F5D3 /* Debug */ = {
			isa = XCBuildConfiguration;
			buildSettings = {
				ALWAYS_SEARCH_USER_PATHS = NO;
				CLANG_ANALYZER_NONNULL = YES;
				CLANG_ANALYZER_NUMBER_OBJECT_CONVERSION = YES_AGGRESSIVE;
				CLANG_CXX_LANGUAGE_STANDARD = "gnu++14";
				CLANG_CXX_LIBRARY = "libc++";
				CLANG_ENABLE_MODULES = YES;
				CLANG_ENABLE_OBJC_ARC = YES;
				CLANG_ENABLE_OBJC_WEAK = YES;
				CLANG_WARN_BLOCK_CAPTURE_AUTORELEASING = YES;
				CLANG_WARN_BOOL_CONVERSION = YES;
				CLANG_WARN_COMMA = YES;
				CLANG_WARN_CONSTANT_CONVERSION = YES;
				CLANG_WARN_DEPRECATED_OBJC_IMPLEMENTATIONS = YES;
				CLANG_WARN_DIRECT_OBJC_ISA_USAGE = YES_ERROR;
				CLANG_WARN_DOCUMENTATION_COMMENTS = YES;
				CLANG_WARN_EMPTY_BODY = YES;
				CLANG_WARN_ENUM_CONVERSION = YES;
				CLANG_WARN_INFINITE_RECURSION = YES;
				CLANG_WARN_INT_CONVERSION = YES;
				CLANG_WARN_NON_LITERAL_NULL_CONVERSION = YES;
				CLANG_WARN_OBJC_IMPLICIT_RETAIN_SELF = YES;
				CLANG_WARN_OBJC_LITERAL_CONVERSION = YES;
				CLANG_WARN_OBJC_ROOT_CLASS = YES_ERROR;
				CLANG_WARN_RANGE_LOOP_ANALYSIS = YES;
				CLANG_WARN_STRICT_PROTOTYPES = YES;
				CLANG_WARN_SUSPICIOUS_MOVE = YES;
				CLANG_WARN_UNGUARDED_AVAILABILITY = YES_AGGRESSIVE;
				CLANG_WARN_UNREACHABLE_CODE = YES;
				CLANG_WARN__DUPLICATE_METHOD_MATCH = YES;
				COPY_PHASE_STRIP = NO;
				DEBUG_INFORMATION_FORMAT = dwarf;
				ENABLE_STRICT_OBJC_MSGSEND = YES;
				ENABLE_TESTABILITY = YES;
				GCC_C_LANGUAGE_STANDARD = gnu11;
				GCC_DYNAMIC_NO_PIC = NO;
				GCC_NO_COMMON_BLOCKS = YES;
				GCC_OPTIMIZATION_LEVEL = 0;
				GCC_PREPROCESSOR_DEFINITIONS = (
					"DEBUG=1",
					"$(inherited)",
				);
				GCC_WARN_64_TO_32_BIT_CONVERSION = YES;
				GCC_WARN_ABOUT_RETURN_TYPE = YES_ERROR;
				GCC_WARN_UNDECLARED_SELECTOR = YES;
				GCC_WARN_UNINITIALIZED_AUTOS = YES_AGGRESSIVE;
				GCC_WARN_UNUSED_FUNCTION = YES;
				GCC_WARN_UNUSED_VARIABLE = YES;
				IPHONEOS_DEPLOYMENT_TARGET = 13.2;
				MTL_ENABLE_DEBUG_INFO = INCLUDE_SOURCE;
				MTL_FAST_MATH = YES;
				ONLY_ACTIVE_ARCH = YES;
				SDKROOT = iphoneos;
				SWIFT_ACTIVE_COMPILATION_CONDITIONS = DEBUG;
				SWIFT_OPTIMIZATION_LEVEL = "-Onone";
			};
			name = Debug;
		};
		F03FFC3E241F440400C9F5D3 /* Release */ = {
			isa = XCBuildConfiguration;
			buildSettings = {
				ALWAYS_SEARCH_USER_PATHS = NO;
				CLANG_ANALYZER_NONNULL = YES;
				CLANG_ANALYZER_NUMBER_OBJECT_CONVERSION = YES_AGGRESSIVE;
				CLANG_CXX_LANGUAGE_STANDARD = "gnu++14";
				CLANG_CXX_LIBRARY = "libc++";
				CLANG_ENABLE_MODULES = YES;
				CLANG_ENABLE_OBJC_ARC = YES;
				CLANG_ENABLE_OBJC_WEAK = YES;
				CLANG_WARN_BLOCK_CAPTURE_AUTORELEASING = YES;
				CLANG_WARN_BOOL_CONVERSION = YES;
				CLANG_WARN_COMMA = YES;
				CLANG_WARN_CONSTANT_CONVERSION = YES;
				CLANG_WARN_DEPRECATED_OBJC_IMPLEMENTATIONS = YES;
				CLANG_WARN_DIRECT_OBJC_ISA_USAGE = YES_ERROR;
				CLANG_WARN_DOCUMENTATION_COMMENTS = YES;
				CLANG_WARN_EMPTY_BODY = YES;
				CLANG_WARN_ENUM_CONVERSION = YES;
				CLANG_WARN_INFINITE_RECURSION = YES;
				CLANG_WARN_INT_CONVERSION = YES;
				CLANG_WARN_NON_LITERAL_NULL_CONVERSION = YES;
				CLANG_WARN_OBJC_IMPLICIT_RETAIN_SELF = YES;
				CLANG_WARN_OBJC_LITERAL_CONVERSION = YES;
				CLANG_WARN_OBJC_ROOT_CLASS = YES_ERROR;
				CLANG_WARN_RANGE_LOOP_ANALYSIS = YES;
				CLANG_WARN_STRICT_PROTOTYPES = YES;
				CLANG_WARN_SUSPICIOUS_MOVE = YES;
				CLANG_WARN_UNGUARDED_AVAILABILITY = YES_AGGRESSIVE;
				CLANG_WARN_UNREACHABLE_CODE = YES;
				CLANG_WARN__DUPLICATE_METHOD_MATCH = YES;
				COPY_PHASE_STRIP = NO;
				DEBUG_INFORMATION_FORMAT = "dwarf-with-dsym";
				ENABLE_NS_ASSERTIONS = NO;
				ENABLE_STRICT_OBJC_MSGSEND = YES;
				GCC_C_LANGUAGE_STANDARD = gnu11;
				GCC_NO_COMMON_BLOCKS = YES;
				GCC_WARN_64_TO_32_BIT_CONVERSION = YES;
				GCC_WARN_ABOUT_RETURN_TYPE = YES_ERROR;
				GCC_WARN_UNDECLARED_SELECTOR = YES;
				GCC_WARN_UNINITIALIZED_AUTOS = YES_AGGRESSIVE;
				GCC_WARN_UNUSED_FUNCTION = YES;
				GCC_WARN_UNUSED_VARIABLE = YES;
				IPHONEOS_DEPLOYMENT_TARGET = 13.2;
				MTL_ENABLE_DEBUG_INFO = NO;
				MTL_FAST_MATH = YES;
				SDKROOT = iphoneos;
				SWIFT_COMPILATION_MODE = wholemodule;
				SWIFT_OPTIMIZATION_LEVEL = "-O";
				VALIDATE_PRODUCT = YES;
			};
			name = Release;
		};
		F03FFC40241F440400C9F5D3 /* Debug */ = {
			isa = XCBuildConfiguration;
			baseConfigurationReference = 2725268509DAB7E3D7476180 /* Pods-Studio1B.debug.xcconfig */;
			buildSettings = {
				ASSETCATALOG_COMPILER_APPICON_NAME = AppIcon;
				CODE_SIGN_STYLE = Automatic;
				DEVELOPMENT_TEAM = UDG9LTGCFD;
				INFOPLIST_FILE = Studio1B/Info.plist;
				IPHONEOS_DEPLOYMENT_TARGET = 13.1;
				LD_RUNPATH_SEARCH_PATHS = (
					"$(inherited)",
					"@executable_path/Frameworks",
				);
				PRODUCT_BUNDLE_IDENTIFIER = davidbolis.Studio1B;
				PRODUCT_NAME = "$(TARGET_NAME)";
				SWIFT_VERSION = 5.0;
				TARGETED_DEVICE_FAMILY = "1,2";
			};
			name = Debug;
		};
		F03FFC41241F440400C9F5D3 /* Release */ = {
			isa = XCBuildConfiguration;
			baseConfigurationReference = 397CF55C7D56C0CF136F7449 /* Pods-Studio1B.release.xcconfig */;
			buildSettings = {
				ASSETCATALOG_COMPILER_APPICON_NAME = AppIcon;
				CODE_SIGN_STYLE = Automatic;
				DEVELOPMENT_TEAM = UDG9LTGCFD;
				INFOPLIST_FILE = Studio1B/Info.plist;
				IPHONEOS_DEPLOYMENT_TARGET = 13.1;
				LD_RUNPATH_SEARCH_PATHS = (
					"$(inherited)",
					"@executable_path/Frameworks",
				);
				PRODUCT_BUNDLE_IDENTIFIER = davidbolis.Studio1B;
				PRODUCT_NAME = "$(TARGET_NAME)";
				SWIFT_VERSION = 5.0;
				TARGETED_DEVICE_FAMILY = "1,2";
			};
			name = Release;
		};
		F0E67714245FEA77000BCD87 /* Debug */ = {
			isa = XCBuildConfiguration;
			baseConfigurationReference = 9EA5B610D6EEEED4BBAA08CF /* Pods-Studio1BTests.debug.xcconfig */;
			buildSettings = {
				BUNDLE_LOADER = "$(TEST_HOST)";
				CODE_SIGN_STYLE = Automatic;
				DEVELOPMENT_TEAM = UDG9LTGCFD;
				INFOPLIST_FILE = Studio1BTests/Info.plist;
				LD_RUNPATH_SEARCH_PATHS = (
					"$(inherited)",
					"@executable_path/Frameworks",
					"@loader_path/Frameworks",
				);
				PRODUCT_BUNDLE_IDENTIFIER = com.Test.Studio1BTests;
				PRODUCT_NAME = "$(TARGET_NAME)";
				SWIFT_VERSION = 5.0;
				TARGETED_DEVICE_FAMILY = "1,2";
				TEST_HOST = "$(BUILT_PRODUCTS_DIR)/Studio1B.app/Studio1B";
			};
			name = Debug;
		};
		F0E67715245FEA77000BCD87 /* Release */ = {
			isa = XCBuildConfiguration;
			baseConfigurationReference = 304093F5B85F4B0D9C8FB935 /* Pods-Studio1BTests.release.xcconfig */;
			buildSettings = {
				BUNDLE_LOADER = "$(TEST_HOST)";
				CODE_SIGN_STYLE = Automatic;
				DEVELOPMENT_TEAM = UDG9LTGCFD;
				INFOPLIST_FILE = Studio1BTests/Info.plist;
				LD_RUNPATH_SEARCH_PATHS = (
					"$(inherited)",
					"@executable_path/Frameworks",
					"@loader_path/Frameworks",
				);
				PRODUCT_BUNDLE_IDENTIFIER = com.Test.Studio1BTests;
				PRODUCT_NAME = "$(TARGET_NAME)";
				SWIFT_VERSION = 5.0;
				TARGETED_DEVICE_FAMILY = "1,2";
				TEST_HOST = "$(BUILT_PRODUCTS_DIR)/Studio1B.app/Studio1B";
			};
			name = Release;
		};
/* End XCBuildConfiguration section */

/* Begin XCConfigurationList section */
		F03FFC26241F440200C9F5D3 /* Build configuration list for PBXProject "Studio1B" */ = {
			isa = XCConfigurationList;
			buildConfigurations = (
				F03FFC3D241F440400C9F5D3 /* Debug */,
				F03FFC3E241F440400C9F5D3 /* Release */,
			);
			defaultConfigurationIsVisible = 0;
			defaultConfigurationName = Release;
		};
		F03FFC3F241F440400C9F5D3 /* Build configuration list for PBXNativeTarget "Studio1B" */ = {
			isa = XCConfigurationList;
			buildConfigurations = (
				F03FFC40241F440400C9F5D3 /* Debug */,
				F03FFC41241F440400C9F5D3 /* Release */,
			);
			defaultConfigurationIsVisible = 0;
			defaultConfigurationName = Release;
		};
		F0E67716245FEA77000BCD87 /* Build configuration list for PBXNativeTarget "Studio1BTests" */ = {
			isa = XCConfigurationList;
			buildConfigurations = (
				F0E67714245FEA77000BCD87 /* Debug */,
				F0E67715245FEA77000BCD87 /* Release */,
			);
			defaultConfigurationIsVisible = 0;
			defaultConfigurationName = Release;
		};
/* End XCConfigurationList section */
	};
	rootObject = F03FFC23241F440200C9F5D3 /* Project object */;
}
